
Microsoft Visual Studio Solution File, Format Version 12.00
# Visual Studio Version 16
VisualStudioVersion = 16.0.31729.503
MinimumVisualStudioVersion = 10.0.40219.1
Project("{FAE04EC0-301F-11D3-BF4B-00C04F79EFBC}") = "Futbol_Maç_Tahmin_Sistemi", "Futbol_Maç_Tahmin_Sistemi\Futbol_Maç_Tahmin_Sistemi.csproj", "{57DDB9E8-E090-4BDB-A50F-68B618E99EF0}"
EndProject
Global
	GlobalSection(SolutionConfigurationPlatforms) = preSolution
		Debug|Any CPU = Debug|Any CPU
		Release|Any CPU = Release|Any CPU
	EndGlobalSection
	GlobalSection(ProjectConfigurationPlatforms) = postSolution
		{57DDB9E8-E090-4BDB-A50F-68B618E99EF0}.Debug|Any CPU.ActiveCfg = Debug|Any CPU
		{57DDB9E8-E090-4BDB-A50F-68B618E99EF0}.Debug|Any CPU.Build.0 = Debug|Any CPU
		{57DDB9E8-E090-4BDB-A50F-68B618E99EF0}.Release|Any CPU.ActiveCfg = Release|Any CPU
		{57DDB9E8-E090-4BDB-A50F-68B618E99EF0}.Release|Any CPU.Build.0 = Release|Any CPU
	EndGlobalSection
	GlobalSection(SolutionProperties) = preSolution
		HideSolutionNode = FALSE
	EndGlobalSection
	GlobalSection(ExtensibilityGlobals) = postSolution
		SolutionGuid = {22A43AD7-A89C-4D05-9A21-6F789CAEFEBB}
	EndGlobalSection
EndGlobal
